
Microsoft Visual Studio Solution File, Format Version 12.00
# Visual Studio Version 17
VisualStudioVersion = 17.10.34928.147
MinimumVisualStudioVersion = 10.0.40219.1
Project("{FAE04EC0-301F-11D3-BF4B-00C04F79EFBC}") = "CrudAlumnosPOO", "CrudAlumnosPOO.csproj", "{4AF50421-ED38-4D1B-BFA4-3B43705E1048}"
EndProject
Global
	GlobalSection(SolutionConfigurationPlatforms) = preSolution
		Debug|Any CPU = Debug|Any CPU
		Release|Any CPU = Release|Any CPU
	EndGlobalSection
	GlobalSection(ProjectConfigurationPlatforms) = postSolution
		{4AF50421-ED38-4D1B-BFA4-3B43705E1048}.Debug|Any CPU.ActiveCfg = Debug|Any CPU
		{4AF50421-ED38-4D1B-BFA4-3B43705E1048}.Debug|Any CPU.Build.0 = Debug|Any CPU
		{4AF50421-ED38-4D1B-BFA4-3B43705E1048}.Release|Any CPU.ActiveCfg = Release|Any CPU
		{4AF50421-ED38-4D1B-BFA4-3B43705E1048}.Release|Any CPU.Build.0 = Release|Any CPU
	EndGlobalSection
	GlobalSection(SolutionProperties) = preSolution
		HideSolutionNode = FALSE
	EndGlobalSection
	GlobalSection(ExtensibilityGlobals) = postSolution
		SolutionGuid = {7AF58728-32E0-4121-95A8-FAD36253A71C}
	EndGlobalSection
EndGlobal
